
Microsoft Visual Studio Solution File, Format Version 12.00
# Visual Studio Version 17
VisualStudioVersion = 17.9.34714.143
MinimumVisualStudioVersion = 10.0.40219.1
Project("{FAE04EC0-301F-11D3-BF4B-00C04F79EFBC}") = "BlueSoft.PruebaTecnica", "BlueSoft.PruebaTecnica\BlueSoft.PruebaTecnica.csproj", "{5EAAA026-9201-4709-B760-078BE2D78CF9}"
EndProject
Global
	GlobalSection(SolutionConfigurationPlatforms) = preSolution
		Debug|Any CPU = Debug|Any CPU
		Release|Any CPU = Release|Any CPU
	EndGlobalSection
	GlobalSection(ProjectConfigurationPlatforms) = postSolution
		{5EAAA026-9201-4709-B760-078BE2D78CF9}.Debug|Any CPU.ActiveCfg = Debug|Any CPU
		{5EAAA026-9201-4709-B760-078BE2D78CF9}.Debug|Any CPU.Build.0 = Debug|Any CPU
		{5EAAA026-9201-4709-B760-078BE2D78CF9}.Release|Any CPU.ActiveCfg = Release|Any CPU
		{5EAAA026-9201-4709-B760-078BE2D78CF9}.Release|Any CPU.Build.0 = Release|Any CPU
	EndGlobalSection
	GlobalSection(SolutionProperties) = preSolution
		HideSolutionNode = FALSE
	EndGlobalSection
	GlobalSection(ExtensibilityGlobals) = postSolution
		SolutionGuid = {CDE807D0-FE1D-4A82-AEFA-9DDD780E8CC0}
	EndGlobalSection
EndGlobal
